// !$*UTF8*$!
{
	archiveVersion = 1;
	classes = {
	};
	objectVersion = 56;
	objects = {

/* Begin PBXBuildFile section */
		761A9E5A29C5E8210063F5B1 /* InsetMapView.swift in Sources */ = {isa = PBXBuildFile; fileRef = 761A9E5929C5E8210063F5B1 /* InsetMapView.swift */; };
		761A9E5C29C5EF410063F5B1 /* ExternalWeblink.swift in Sources */ = {isa = PBXBuildFile; fileRef = 761A9E5B29C5EF410063F5B1 /* ExternalWeblink.swift */; };
		7666357329BF411A008EEBBA /* AfricaApp.swift in Sources */ = {isa = PBXBuildFile; fileRef = 7666357229BF411A008EEBBA /* AfricaApp.swift */; };
		7666357529BF411A008EEBBA /* ContentView.swift in Sources */ = {isa = PBXBuildFile; fileRef = 7666357429BF411A008EEBBA /* ContentView.swift */; };
		7666357729BF411D008EEBBA /* Assets.xcassets in Resources */ = {isa = PBXBuildFile; fileRef = 7666357629BF411D008EEBBA /* Assets.xcassets */; };
		7666357A29BF411D008EEBBA /* Preview Assets.xcassets in Resources */ = {isa = PBXBuildFile; fileRef = 7666357929BF411D008EEBBA /* Preview Assets.xcassets */; };
		7666358429BF411D008EEBBA /* AfricaTests.swift in Sources */ = {isa = PBXBuildFile; fileRef = 7666358329BF411D008EEBBA /* AfricaTests.swift */; };
		7666358E29BF411D008EEBBA /* AfricaUITests.swift in Sources */ = {isa = PBXBuildFile; fileRef = 7666358D29BF411D008EEBBA /* AfricaUITests.swift */; };
		7666359029BF411D008EEBBA /* AfricaUITestsLaunchTests.swift in Sources */ = {isa = PBXBuildFile; fileRef = 7666358F29BF411D008EEBBA /* AfricaUITestsLaunchTests.swift */; };
		766635B629BF42E0008EEBBA /* locations.json in Resources */ = {isa = PBXBuildFile; fileRef = 766635B229BF42E0008EEBBA /* locations.json */; };
		766635B729BF42E0008EEBBA /* covers.json in Resources */ = {isa = PBXBuildFile; fileRef = 766635B329BF42E0008EEBBA /* covers.json */; };
		766635B829BF42E0008EEBBA /* videos.json in Resources */ = {isa = PBXBuildFile; fileRef = 766635B429BF42E0008EEBBA /* videos.json */; };
		766635B929BF42E0008EEBBA /* animals.json in Resources */ = {isa = PBXBuildFile; fileRef = 766635B529BF42E0008EEBBA /* animals.json */; };
		766635BC29BF546B008EEBBA /* cheetah.mp4 in Resources */ = {isa = PBXBuildFile; fileRef = 766635BB29BF546B008EEBBA /* cheetah.mp4 */; };
		766635BE29BF54D6008EEBBA /* elephant.mp4 in Resources */ = {isa = PBXBuildFile; fileRef = 766635BD29BF54D6008EEBBA /* elephant.mp4 */; };
		76AEEC3329C0329A003917EC /* giraffe.mp4 in Resources */ = {isa = PBXBuildFile; fileRef = 76AEEC3229C0329A003917EC /* giraffe.mp4 */; };
		76AEEC3B29C032B7003917EC /* lion.mp4 in Resources */ = {isa = PBXBuildFile; fileRef = 76AEEC3429C032B5003917EC /* lion.mp4 */; };
		76AEEC3C29C032B7003917EC /* lioness.mp4 in Resources */ = {isa = PBXBuildFile; fileRef = 76AEEC3529C032B6003917EC /* lioness.mp4 */; };
		76AEEC3D29C032B7003917EC /* hippo.mp4 in Resources */ = {isa = PBXBuildFile; fileRef = 76AEEC3629C032B6003917EC /* hippo.mp4 */; };
		76AEEC3E29C032B7003917EC /* rhino.mp4 in Resources */ = {isa = PBXBuildFile; fileRef = 76AEEC3729C032B6003917EC /* rhino.mp4 */; };
		76AEEC3F29C032B7003917EC /* gorilla.mp4 in Resources */ = {isa = PBXBuildFile; fileRef = 76AEEC3829C032B6003917EC /* gorilla.mp4 */; };
		76AEEC4029C032B7003917EC /* zebra.mp4 in Resources */ = {isa = PBXBuildFile; fileRef = 76AEEC3929C032B7003917EC /* zebra.mp4 */; };
		76AEEC4129C032B7003917EC /* ostrich.mp4 in Resources */ = {isa = PBXBuildFile; fileRef = 76AEEC3A29C032B7003917EC /* ostrich.mp4 */; };
		76AEEC4529C034CB003917EC /* VideoListView.swift in Sources */ = {isa = PBXBuildFile; fileRef = 76AEEC4429C034CB003917EC /* VideoListView.swift */; };
		76AEEC4729C034F6003917EC /* MapListView.swift in Sources */ = {isa = PBXBuildFile; fileRef = 76AEEC4629C034F6003917EC /* MapListView.swift */; };
		76AEEC4929C0351F003917EC /* GalleryListView.swift in Sources */ = {isa = PBXBuildFile; fileRef = 76AEEC4829C0351F003917EC /* GalleryListView.swift */; };
		76AEEC4B29C03538003917EC /* MainListView.swift in Sources */ = {isa = PBXBuildFile; fileRef = 76AEEC4A29C03538003917EC /* MainListView.swift */; };
		76AEEC4E29C03834003917EC /* CoverImageView.swift in Sources */ = {isa = PBXBuildFile; fileRef = 76AEEC4D29C03834003917EC /* CoverImageView.swift */; };
		76AEEC5329C039C7003917EC /* CoverImageModel.swift in Sources */ = {isa = PBXBuildFile; fileRef = 76AEEC5229C039C7003917EC /* CoverImageModel.swift */; };
		76AEEC5629C03A4B003917EC /* CodableBundleExtension.swift in Sources */ = {isa = PBXBuildFile; fileRef = 76AEEC5529C03A4B003917EC /* CodableBundleExtension.swift */; };
		76AEEC5829C03F84003917EC /* AnimalListItemView.swift in Sources */ = {isa = PBXBuildFile; fileRef = 76AEEC5729C03F84003917EC /* AnimalListItemView.swift */; };
		76AEEC5A29C042DC003917EC /* AnimalModel.swift in Sources */ = {isa = PBXBuildFile; fileRef = 76AEEC5929C042DC003917EC /* AnimalModel.swift */; };
		76AEEC5C29C17590003917EC /* AnimalDetailView.swift in Sources */ = {isa = PBXBuildFile; fileRef = 76AEEC5B29C17590003917EC /* AnimalDetailView.swift */; };
		76AEEC5E29C1793E003917EC /* HeadingView.swift in Sources */ = {isa = PBXBuildFile; fileRef = 76AEEC5D29C1793E003917EC /* HeadingView.swift */; };
		76AEEC6029C17B5E003917EC /* InsetGalleryView.swift in Sources */ = {isa = PBXBuildFile; fileRef = 76AEEC5F29C17B5E003917EC /* InsetGalleryView.swift */; };
		76AEEC6229C18872003917EC /* InsetFactView.swift in Sources */ = {isa = PBXBuildFile; fileRef = 76AEEC6129C18872003917EC /* InsetFactView.swift */; };
/* End PBXBuildFile section */

/* Begin PBXContainerItemProxy section */
		7666358029BF411D008EEBBA /* PBXContainerItemProxy */ = {
			isa = PBXContainerItemProxy;
			containerPortal = 7666356729BF411A008EEBBA /* Project object */;
			proxyType = 1;
			remoteGlobalIDString = 7666356E29BF411A008EEBBA;
			remoteInfo = Africa;
		};
		7666358A29BF411D008EEBBA /* PBXContainerItemProxy */ = {
			isa = PBXContainerItemProxy;
			containerPortal = 7666356729BF411A008EEBBA /* Project object */;
			proxyType = 1;
			remoteGlobalIDString = 7666356E29BF411A008EEBBA;
			remoteInfo = Africa;
		};
/* End PBXContainerItemProxy section */

/* Begin PBXFileReference section */
		761A9E5929C5E8210063F5B1 /* InsetMapView.swift */ = {isa = PBXFileReference; lastKnownFileType = sourcecode.swift; path = InsetMapView.swift; sourceTree = "<group>"; };
		761A9E5B29C5EF410063F5B1 /* ExternalWeblink.swift */ = {isa = PBXFileReference; lastKnownFileType = sourcecode.swift; path = ExternalWeblink.swift; sourceTree = "<group>"; };
		7666356F29BF411A008EEBBA /* Africa.app */ = {isa = PBXFileReference; explicitFileType = wrapper.application; includeInIndex = 0; path = Africa.app; sourceTree = BUILT_PRODUCTS_DIR; };
		7666357229BF411A008EEBBA /* AfricaApp.swift */ = {isa = PBXFileReference; lastKnownFileType = sourcecode.swift; path = AfricaApp.swift; sourceTree = "<group>"; };
		7666357429BF411A008EEBBA /* ContentView.swift */ = {isa = PBXFileReference; lastKnownFileType = sourcecode.swift; path = ContentView.swift; sourceTree = "<group>"; };
		7666357629BF411D008EEBBA /* Assets.xcassets */ = {isa = PBXFileReference; lastKnownFileType = folder.assetcatalog; path = Assets.xcassets; sourceTree = "<group>"; };
		7666357929BF411D008EEBBA /* Preview Assets.xcassets */ = {isa = PBXFileReference; lastKnownFileType = folder.assetcatalog; path = "Preview Assets.xcassets"; sourceTree = "<group>"; };
		7666357F29BF411D008EEBBA /* AfricaTests.xctest */ = {isa = PBXFileReference; explicitFileType = wrapper.cfbundle; includeInIndex = 0; path = AfricaTests.xctest; sourceTree = BUILT_PRODUCTS_DIR; };
		7666358329BF411D008EEBBA /* AfricaTests.swift */ = {isa = PBXFileReference; lastKnownFileType = sourcecode.swift; path = AfricaTests.swift; sourceTree = "<group>"; };
		7666358929BF411D008EEBBA /* AfricaUITests.xctest */ = {isa = PBXFileReference; explicitFileType = wrapper.cfbundle; includeInIndex = 0; path = AfricaUITests.xctest; sourceTree = BUILT_PRODUCTS_DIR; };
		7666358D29BF411D008EEBBA /* AfricaUITests.swift */ = {isa = PBXFileReference; lastKnownFileType = sourcecode.swift; path = AfricaUITests.swift; sourceTree = "<group>"; };
		7666358F29BF411D008EEBBA /* AfricaUITestsLaunchTests.swift */ = {isa = PBXFileReference; lastKnownFileType = sourcecode.swift; path = AfricaUITestsLaunchTests.swift; sourceTree = "<group>"; };
		766635B229BF42E0008EEBBA /* locations.json */ = {isa = PBXFileReference; fileEncoding = 4; lastKnownFileType = text.json; path = locations.json; sourceTree = "<group>"; };
		766635B329BF42E0008EEBBA /* covers.json */ = {isa = PBXFileReference; fileEncoding = 4; lastKnownFileType = text.json; path = covers.json; sourceTree = "<group>"; };
		766635B429BF42E0008EEBBA /* videos.json */ = {isa = PBXFileReference; fileEncoding = 4; lastKnownFileType = text.json; path = videos.json; sourceTree = "<group>"; };
		766635B529BF42E0008EEBBA /* animals.json */ = {isa = PBXFileReference; fileEncoding = 4; lastKnownFileType = text.json; path = animals.json; sourceTree = "<group>"; };
		766635BB29BF546B008EEBBA /* cheetah.mp4 */ = {isa = PBXFileReference; lastKnownFileType = file; path = cheetah.mp4; sourceTree = "<group>"; };
		766635BD29BF54D6008EEBBA /* elephant.mp4 */ = {isa = PBXFileReference; lastKnownFileType = file; path = elephant.mp4; sourceTree = "<group>"; };
		76AEEC3229C0329A003917EC /* giraffe.mp4 */ = {isa = PBXFileReference; lastKnownFileType = file; path = giraffe.mp4; sourceTree = "<group>"; };
		76AEEC3429C032B5003917EC /* lion.mp4 */ = {isa = PBXFileReference; lastKnownFileType = file; path = lion.mp4; sourceTree = "<group>"; };
		76AEEC3529C032B6003917EC /* lioness.mp4 */ = {isa = PBXFileReference; lastKnownFileType = file; path = lioness.mp4; sourceTree = "<group>"; };
		76AEEC3629C032B6003917EC /* hippo.mp4 */ = {isa = PBXFileReference; lastKnownFileType = file; path = hippo.mp4; sourceTree = "<group>"; };
		76AEEC3729C032B6003917EC /* rhino.mp4 */ = {isa = PBXFileReference; lastKnownFileType = file; path = rhino.mp4; sourceTree = "<group>"; };
		76AEEC3829C032B6003917EC /* gorilla.mp4 */ = {isa = PBXFileReference; lastKnownFileType = file; path = gorilla.mp4; sourceTree = "<group>"; };
		76AEEC3929C032B7003917EC /* zebra.mp4 */ = {isa = PBXFileReference; lastKnownFileType = file; path = zebra.mp4; sourceTree = "<group>"; };
		76AEEC3A29C032B7003917EC /* ostrich.mp4 */ = {isa = PBXFileReference; lastKnownFileType = file; path = ostrich.mp4; sourceTree = "<group>"; };
		76AEEC4229C033F2003917EC /* Info.plist */ = {isa = PBXFileReference; lastKnownFileType = text.plist; path = Info.plist; sourceTree = "<group>"; };
		76AEEC4429C034CB003917EC /* VideoListView.swift */ = {isa = PBXFileReference; lastKnownFileType = sourcecode.swift; path = VideoListView.swift; sourceTree = "<group>"; };
		76AEEC4629C034F6003917EC /* MapListView.swift */ = {isa = PBXFileReference; lastKnownFileType = sourcecode.swift; path = MapListView.swift; sourceTree = "<group>"; };
		76AEEC4829C0351F003917EC /* GalleryListView.swift */ = {isa = PBXFileReference; lastKnownFileType = sourcecode.swift; path = GalleryListView.swift; sourceTree = "<group>"; };
		76AEEC4A29C03538003917EC /* MainListView.swift */ = {isa = PBXFileReference; lastKnownFileType = sourcecode.swift; path = MainListView.swift; sourceTree = "<group>"; };
		76AEEC4D29C03834003917EC /* CoverImageView.swift */ = {isa = PBXFileReference; lastKnownFileType = sourcecode.swift; path = CoverImageView.swift; sourceTree = "<group>"; };
		76AEEC5229C039C7003917EC /* CoverImageModel.swift */ = {isa = PBXFileReference; lastKnownFileType = sourcecode.swift; path = CoverImageModel.swift; sourceTree = "<group>"; };
		76AEEC5529C03A4B003917EC /* CodableBundleExtension.swift */ = {isa = PBXFileReference; lastKnownFileType = sourcecode.swift; path = CodableBundleExtension.swift; sourceTree = "<group>"; };
		76AEEC5729C03F84003917EC /* AnimalListItemView.swift */ = {isa = PBXFileReference; lastKnownFileType = sourcecode.swift; path = AnimalListItemView.swift; sourceTree = "<group>"; };
		76AEEC5929C042DC003917EC /* AnimalModel.swift */ = {isa = PBXFileReference; lastKnownFileType = sourcecode.swift; path = AnimalModel.swift; sourceTree = "<group>"; };
		76AEEC5B29C17590003917EC /* AnimalDetailView.swift */ = {isa = PBXFileReference; lastKnownFileType = sourcecode.swift; path = AnimalDetailView.swift; sourceTree = "<group>"; };
		76AEEC5D29C1793E003917EC /* HeadingView.swift */ = {isa = PBXFileReference; lastKnownFileType = sourcecode.swift; path = HeadingView.swift; sourceTree = "<group>"; };
		76AEEC5F29C17B5E003917EC /* InsetGalleryView.swift */ = {isa = PBXFileReference; lastKnownFileType = sourcecode.swift; path = InsetGalleryView.swift; sourceTree = "<group>"; };
		76AEEC6129C18872003917EC /* InsetFactView.swift */ = {isa = PBXFileReference; lastKnownFileType = sourcecode.swift; path = InsetFactView.swift; sourceTree = "<group>"; };
/* End PBXFileReference section */

/* Begin PBXFrameworksBuildPhase section */
		7666356C29BF411A008EEBBA /* Frameworks */ = {
			isa = PBXFrameworksBuildPhase;
			buildActionMask = 2147483647;
			files = (
			);
			runOnlyForDeploymentPostprocessing = 0;
		};
		7666357C29BF411D008EEBBA /* Frameworks */ = {
			isa = PBXFrameworksBuildPhase;
			buildActionMask = 2147483647;
			files = (
			);
			runOnlyForDeploymentPostprocessing = 0;
		};
		7666358629BF411D008EEBBA /* Frameworks */ = {
			isa = PBXFrameworksBuildPhase;
			buildActionMask = 2147483647;
			files = (
			);
			runOnlyForDeploymentPostprocessing = 0;
		};
/* End PBXFrameworksBuildPhase section */

/* Begin PBXGroup section */
		7666356629BF411A008EEBBA = {
			isa = PBXGroup;
			children = (
				7666357129BF411A008EEBBA /* Africa */,
				7666358229BF411D008EEBBA /* AfricaTests */,
				7666358C29BF411D008EEBBA /* AfricaUITests */,
				7666357029BF411A008EEBBA /* Products */,
			);
			sourceTree = "<group>";
		};
		7666357029BF411A008EEBBA /* Products */ = {
			isa = PBXGroup;
			children = (
				7666356F29BF411A008EEBBA /* Africa.app */,
				7666357F29BF411D008EEBBA /* AfricaTests.xctest */,
				7666358929BF411D008EEBBA /* AfricaUITests.xctest */,
			);
			name = Products;
			sourceTree = "<group>";
		};
		7666357129BF411A008EEBBA /* Africa */ = {
			isa = PBXGroup;
			children = (
				76AEEC5429C03A1F003917EC /* Extension */,
				76AEEC4F29C03979003917EC /* Model */,
				76AEEC4C29C037F9003917EC /* View */,
				76AEEC4229C033F2003917EC /* Info.plist */,
				766635BA29BF545A008EEBBA /* Video */,
				766635B129BF42CF008EEBBA /* Data */,
				76AEEC4329C034B7003917EC /* App */,
				7666357629BF411D008EEBBA /* Assets.xcassets */,
				7666357829BF411D008EEBBA /* Preview Content */,
			);
			path = Africa;
			sourceTree = "<group>";
		};
		7666357829BF411D008EEBBA /* Preview Content */ = {
			isa = PBXGroup;
			children = (
				7666357929BF411D008EEBBA /* Preview Assets.xcassets */,
			);
			path = "Preview Content";
			sourceTree = "<group>";
		};
		7666358229BF411D008EEBBA /* AfricaTests */ = {
			isa = PBXGroup;
			children = (
				7666358329BF411D008EEBBA /* AfricaTests.swift */,
			);
			path = AfricaTests;
			sourceTree = "<group>";
		};
		7666358C29BF411D008EEBBA /* AfricaUITests */ = {
			isa = PBXGroup;
			children = (
				7666358D29BF411D008EEBBA /* AfricaUITests.swift */,
				7666358F29BF411D008EEBBA /* AfricaUITestsLaunchTests.swift */,
			);
			path = AfricaUITests;
			sourceTree = "<group>";
		};
		766635B129BF42CF008EEBBA /* Data */ = {
			isa = PBXGroup;
			children = (
				766635B529BF42E0008EEBBA /* animals.json */,
				766635B329BF42E0008EEBBA /* covers.json */,
				766635B229BF42E0008EEBBA /* locations.json */,
				766635B429BF42E0008EEBBA /* videos.json */,
			);
			path = Data;
			sourceTree = "<group>";
		};
		766635BA29BF545A008EEBBA /* Video */ = {
			isa = PBXGroup;
			children = (
				76AEEC3829C032B6003917EC /* gorilla.mp4 */,
				76AEEC3629C032B6003917EC /* hippo.mp4 */,
				76AEEC3429C032B5003917EC /* lion.mp4 */,
				76AEEC3529C032B6003917EC /* lioness.mp4 */,
				76AEEC3A29C032B7003917EC /* ostrich.mp4 */,
				76AEEC3729C032B6003917EC /* rhino.mp4 */,
				76AEEC3929C032B7003917EC /* zebra.mp4 */,
				76AEEC3229C0329A003917EC /* giraffe.mp4 */,
				766635BD29BF54D6008EEBBA /* elephant.mp4 */,
				766635BB29BF546B008EEBBA /* cheetah.mp4 */,
			);
			path = Video;
			sourceTree = "<group>";
		};
		76AEEC4329C034B7003917EC /* App */ = {
			isa = PBXGroup;
			children = (
				7666357229BF411A008EEBBA /* AfricaApp.swift */,
				7666357429BF411A008EEBBA /* ContentView.swift */,
				76AEEC4429C034CB003917EC /* VideoListView.swift */,
				76AEEC4629C034F6003917EC /* MapListView.swift */,
				76AEEC4829C0351F003917EC /* GalleryListView.swift */,
				76AEEC4A29C03538003917EC /* MainListView.swift */,
			);
			path = App;
			sourceTree = "<group>";
		};
		76AEEC4C29C037F9003917EC /* View */ = {
			isa = PBXGroup;
			children = (
				76AEEC4D29C03834003917EC /* CoverImageView.swift */,
				76AEEC5729C03F84003917EC /* AnimalListItemView.swift */,
				76AEEC5B29C17590003917EC /* AnimalDetailView.swift */,
				76AEEC5D29C1793E003917EC /* HeadingView.swift */,
				76AEEC5F29C17B5E003917EC /* InsetGalleryView.swift */,
				76AEEC6129C18872003917EC /* InsetFactView.swift */,
				761A9E5929C5E8210063F5B1 /* InsetMapView.swift */,
				761A9E5B29C5EF410063F5B1 /* ExternalWeblink.swift */,
			);
			path = View;
			sourceTree = "<group>";
		};
		76AEEC4F29C03979003917EC /* Model */ = {
			isa = PBXGroup;
			children = (
				76AEEC5229C039C7003917EC /* CoverImageModel.swift */,
				76AEEC5929C042DC003917EC /* AnimalModel.swift */,
			);
			path = Model;
			sourceTree = "<group>";
		};
		76AEEC5429C03A1F003917EC /* Extension */ = {
			isa = PBXGroup;
			children = (
				76AEEC5529C03A4B003917EC /* CodableBundleExtension.swift */,
			);
			path = Extension;
			sourceTree = "<group>";
		};
/* End PBXGroup section */

/* Begin PBXNativeTarget section */
		7666356E29BF411A008EEBBA /* Africa */ = {
			isa = PBXNativeTarget;
			buildConfigurationList = 7666359329BF411D008EEBBA /* Build configuration list for PBXNativeTarget "Africa" */;
			buildPhases = (
				7666356B29BF411A008EEBBA /* Sources */,
				7666356C29BF411A008EEBBA /* Frameworks */,
				7666356D29BF411A008EEBBA /* Resources */,
			);
			buildRules = (
			);
			dependencies = (
			);
			name = Africa;
			productName = Africa;
			productReference = 7666356F29BF411A008EEBBA /* Africa.app */;
			productType = "com.apple.product-type.application";
		};
		7666357E29BF411D008EEBBA /* AfricaTests */ = {
			isa = PBXNativeTarget;
			buildConfigurationList = 7666359629BF411D008EEBBA /* Build configuration list for PBXNativeTarget "AfricaTests" */;
			buildPhases = (
				7666357B29BF411D008EEBBA /* Sources */,
				7666357C29BF411D008EEBBA /* Frameworks */,
				7666357D29BF411D008EEBBA /* Resources */,
			);
			buildRules = (
			);
			dependencies = (
				7666358129BF411D008EEBBA /* PBXTargetDependency */,
			);
			name = AfricaTests;
			productName = AfricaTests;
			productReference = 7666357F29BF411D008EEBBA /* AfricaTests.xctest */;
			productType = "com.apple.product-type.bundle.unit-test";
		};
		7666358829BF411D008EEBBA /* AfricaUITests */ = {
			isa = PBXNativeTarget;
			buildConfigurationList = 7666359929BF411D008EEBBA /* Build configuration list for PBXNativeTarget "AfricaUITests" */;
			buildPhases = (
				7666358529BF411D008EEBBA /* Sources */,
				7666358629BF411D008EEBBA /* Frameworks */,
				7666358729BF411D008EEBBA /* Resources */,
			);
			buildRules = (
			);
			dependencies = (
				7666358B29BF411D008EEBBA /* PBXTargetDependency */,
			);
			name = AfricaUITests;
			productName = AfricaUITests;
			productReference = 7666358929BF411D008EEBBA /* AfricaUITests.xctest */;
			productType = "com.apple.product-type.bundle.ui-testing";
		};
/* End PBXNativeTarget section */

/* Begin PBXProject section */
		7666356729BF411A008EEBBA /* Project object */ = {
			isa = PBXProject;
			attributes = {
				BuildIndependentTargetsInParallel = 1;
				LastSwiftUpdateCheck = 1400;
				LastUpgradeCheck = 1400;
				TargetAttributes = {
					7666356E29BF411A008EEBBA = {
						CreatedOnToolsVersion = 14.0.1;
					};
					7666357E29BF411D008EEBBA = {
						CreatedOnToolsVersion = 14.0.1;
						TestTargetID = 7666356E29BF411A008EEBBA;
					};
					7666358829BF411D008EEBBA = {
						CreatedOnToolsVersion = 14.0.1;
						TestTargetID = 7666356E29BF411A008EEBBA;
					};
				};
			};
			buildConfigurationList = 7666356A29BF411A008EEBBA /* Build configuration list for PBXProject "Africa" */;
			compatibilityVersion = "Xcode 14.0";
			developmentRegion = en;
			hasScannedForEncodings = 0;
			knownRegions = (
				en,
				Base,
			);
			mainGroup = 7666356629BF411A008EEBBA;
			productRefGroup = 7666357029BF411A008EEBBA /* Products */;
			projectDirPath = "";
			projectRoot = "";
			targets = (
				7666356E29BF411A008EEBBA /* Africa */,
				7666357E29BF411D008EEBBA /* AfricaTests */,
				7666358829BF411D008EEBBA /* AfricaUITests */,
			);
		};
/* End PBXProject section */

/* Begin PBXResourcesBuildPhase section */
		7666356D29BF411A008EEBBA /* Resources */ = {
			isa = PBXResourcesBuildPhase;
			buildActionMask = 2147483647;
			files = (
				766635B629BF42E0008EEBBA /* locations.json in Resources */,
				76AEEC4029C032B7003917EC /* zebra.mp4 in Resources */,
				76AEEC3C29C032B7003917EC /* lioness.mp4 in Resources */,
				766635B829BF42E0008EEBBA /* videos.json in Resources */,
				7666357A29BF411D008EEBBA /* Preview Assets.xcassets in Resources */,
				76AEEC3D29C032B7003917EC /* hippo.mp4 in Resources */,
				76AEEC4129C032B7003917EC /* ostrich.mp4 in Resources */,
				76AEEC3B29C032B7003917EC /* lion.mp4 in Resources */,
				766635B729BF42E0008EEBBA /* covers.json in Resources */,
				76AEEC3E29C032B7003917EC /* rhino.mp4 in Resources */,
				766635BE29BF54D6008EEBBA /* elephant.mp4 in Resources */,
				766635B929BF42E0008EEBBA /* animals.json in Resources */,
				76AEEC3F29C032B7003917EC /* gorilla.mp4 in Resources */,
				7666357729BF411D008EEBBA /* Assets.xcassets in Resources */,
				766635BC29BF546B008EEBBA /* cheetah.mp4 in Resources */,
				76AEEC3329C0329A003917EC /* giraffe.mp4 in Resources */,
			);
			runOnlyForDeploymentPostprocessing = 0;
		};
		7666357D29BF411D008EEBBA /* Resources */ = {
			isa = PBXResourcesBuildPhase;
			buildActionMask = 2147483647;
			files = (
			);
			runOnlyForDeploymentPostprocessing = 0;
		};
		7666358729BF411D008EEBBA /* Resources */ = {
			isa = PBXResourcesBuildPhase;
			buildActionMask = 2147483647;
			files = (
			);
			runOnlyForDeploymentPostprocessing = 0;
		};
/* End PBXResourcesBuildPhase section */

/* Begin PBXSourcesBuildPhase section */
		7666356B29BF411A008EEBBA /* Sources */ = {
			isa = PBXSourcesBuildPhase;
			buildActionMask = 2147483647;
			files = (
				76AEEC4529C034CB003917EC /* VideoListView.swift in Sources */,
				76AEEC5829C03F84003917EC /* AnimalListItemView.swift in Sources */,
				76AEEC4B29C03538003917EC /* MainListView.swift in Sources */,
				76AEEC6229C18872003917EC /* InsetFactView.swift in Sources */,
				76AEEC4E29C03834003917EC /* CoverImageView.swift in Sources */,
				76AEEC5329C039C7003917EC /* CoverImageModel.swift in Sources */,
				76AEEC5C29C17590003917EC /* AnimalDetailView.swift in Sources */,
				76AEEC5A29C042DC003917EC /* AnimalModel.swift in Sources */,
				76AEEC4729C034F6003917EC /* MapListView.swift in Sources */,
				761A9E5A29C5E8210063F5B1 /* InsetMapView.swift in Sources */,
				7666357529BF411A008EEBBA /* ContentView.swift in Sources */,
				7666357329BF411A008EEBBA /* AfricaApp.swift in Sources */,
				76AEEC4929C0351F003917EC /* GalleryListView.swift in Sources */,
				76AEEC6029C17B5E003917EC /* InsetGalleryView.swift in Sources */,
				76AEEC5629C03A4B003917EC /* CodableBundleExtension.swift in Sources */,
				761A9E5C29C5EF410063F5B1 /* ExternalWeblink.swift in Sources */,
				76AEEC5E29C1793E003917EC /* HeadingView.swift in Sources */,
			);
			runOnlyForDeploymentPostprocessing = 0;
		};
		7666357B29BF411D008EEBBA /* Sources */ = {
			isa = PBXSourcesBuildPhase;
			buildActionMask = 2147483647;
			files = (
				7666358429BF411D008EEBBA /* AfricaTests.swift in Sources */,
			);
			runOnlyForDeploymentPostprocessing = 0;
		};
		7666358529BF411D008EEBBA /* Sources */ = {
			isa = PBXSourcesBuildPhase;
			buildActionMask = 2147483647;
			files = (
				7666359029BF411D008EEBBA /* AfricaUITestsLaunchTests.swift in Sources */,
				7666358E29BF411D008EEBBA /* AfricaUITests.swift in Sources */,
			);
			runOnlyForDeploymentPostprocessing = 0;
		};
/* End PBXSourcesBuildPhase section */

/* Begin PBXTargetDependency section */
		7666358129BF411D008EEBBA /* PBXTargetDependency */ = {
			isa = PBXTargetDependency;
			target = 7666356E29BF411A008EEBBA /* Africa */;
			targetProxy = 7666358029BF411D008EEBBA /* PBXContainerItemProxy */;
		};
		7666358B29BF411D008EEBBA /* PBXTargetDependency */ = {
			isa = PBXTargetDependency;
			target = 7666356E29BF411A008EEBBA /* Africa */;
			targetProxy = 7666358A29BF411D008EEBBA /* PBXContainerItemProxy */;
		};
/* End PBXTargetDependency section */

/* Begin XCBuildConfiguration section */
		7666359129BF411D008EEBBA /* Debug */ = {
			isa = XCBuildConfiguration;
			buildSettings = {
				ALWAYS_SEARCH_USER_PATHS = NO;
				CLANG_ANALYZER_NONNULL = YES;
				CLANG_ANALYZER_NUMBER_OBJECT_CONVERSION = YES_AGGRESSIVE;
				CLANG_CXX_LANGUAGE_STANDARD = "gnu++20";
				CLANG_ENABLE_MODULES = YES;
				CLANG_ENABLE_OBJC_ARC = YES;
				CLANG_ENABLE_OBJC_WEAK = YES;
				CLANG_WARN_BLOCK_CAPTURE_AUTORELEASING = YES;
				CLANG_WARN_BOOL_CONVERSION = YES;
				CLANG_WARN_COMMA = YES;
				CLANG_WARN_CONSTANT_CONVERSION = YES;
				CLANG_WARN_DEPRECATED_OBJC_IMPLEMENTATIONS = YES;
				CLANG_WARN_DIRECT_OBJC_ISA_USAGE = YES_ERROR;
				CLANG_WARN_DOCUMENTATION_COMMENTS = YES;
				CLANG_WARN_EMPTY_BODY = YES;
				CLANG_WARN_ENUM_CONVERSION = YES;
				CLANG_WARN_INFINITE_RECURSION = YES;
				CLANG_WARN_INT_CONVERSION = YES;
				CLANG_WARN_NON_LITERAL_NULL_CONVERSION = YES;
				CLANG_WARN_OBJC_IMPLICIT_RETAIN_SELF = YES;
				CLANG_WARN_OBJC_LITERAL_CONVERSION = YES;
				CLANG_WARN_OBJC_ROOT_CLASS = YES_ERROR;
				CLANG_WARN_QUOTED_INCLUDE_IN_FRAMEWORK_HEADER = YES;
				CLANG_WARN_RANGE_LOOP_ANALYSIS = YES;
				CLANG_WARN_STRICT_PROTOTYPES = YES;
				CLANG_WARN_SUSPICIOUS_MOVE = YES;
				CLANG_WARN_UNGUARDED_AVAILABILITY = YES_AGGRESSIVE;
				CLANG_WARN_UNREACHABLE_CODE = YES;
				CLANG_WARN__DUPLICATE_METHOD_MATCH = YES;
				COPY_PHASE_STRIP = NO;
				DEBUG_INFORMATION_FORMAT = dwarf;
				ENABLE_STRICT_OBJC_MSGSEND = YES;
				ENABLE_TESTABILITY = YES;
				GCC_C_LANGUAGE_STANDARD = gnu11;
				GCC_DYNAMIC_NO_PIC = NO;
				GCC_NO_COMMON_BLOCKS = YES;
				GCC_OPTIMIZATION_LEVEL = 0;
				GCC_PREPROCESSOR_DEFINITIONS = (
					"DEBUG=1",
					"$(inherited)",
				);
				GCC_WARN_64_TO_32_BIT_CONVERSION = YES;
				GCC_WARN_ABOUT_RETURN_TYPE = YES_ERROR;
				GCC_WARN_UNDECLARED_SELECTOR = YES;
				GCC_WARN_UNINITIALIZED_AUTOS = YES_AGGRESSIVE;
				GCC_WARN_UNUSED_FUNCTION = YES;
				GCC_WARN_UNUSED_VARIABLE = YES;
				IPHONEOS_DEPLOYMENT_TARGET = 16.0;
				MTL_ENABLE_DEBUG_INFO = INCLUDE_SOURCE;
				MTL_FAST_MATH = YES;
				ONLY_ACTIVE_ARCH = YES;
				SDKROOT = iphoneos;
				SWIFT_ACTIVE_COMPILATION_CONDITIONS = DEBUG;
				SWIFT_OPTIMIZATION_LEVEL = "-Onone";
			};
			name = Debug;
		};
		7666359229BF411D008EEBBA /* Release */ = {
			isa = XCBuildConfiguration;
			buildSettings = {
				ALWAYS_SEARCH_USER_PATHS = NO;
				CLANG_ANALYZER_NONNULL = YES;
				CLANG_ANALYZER_NUMBER_OBJECT_CONVERSION = YES_AGGRESSIVE;
				CLANG_CXX_LANGUAGE_STANDARD = "gnu++20";
				CLANG_ENABLE_MODULES = YES;
				CLANG_ENABLE_OBJC_ARC = YES;
				CLANG_ENABLE_OBJC_WEAK = YES;
				CLANG_WARN_BLOCK_CAPTURE_AUTORELEASING = YES;
				CLANG_WARN_BOOL_CONVERSION = YES;
				CLANG_WARN_COMMA = YES;
				CLANG_WARN_CONSTANT_CONVERSION = YES;
				CLANG_WARN_DEPRECATED_OBJC_IMPLEMENTATIONS = YES;
				CLANG_WARN_DIRECT_OBJC_ISA_USAGE = YES_ERROR;
				CLANG_WARN_DOCUMENTATION_COMMENTS = YES;
				CLANG_WARN_EMPTY_BODY = YES;
				CLANG_WARN_ENUM_CONVERSION = YES;
				CLANG_WARN_INFINITE_RECURSION = YES;
				CLANG_WARN_INT_CONVERSION = YES;
				CLANG_WARN_NON_LITERAL_NULL_CONVERSION = YES;
				CLANG_WARN_OBJC_IMPLICIT_RETAIN_SELF = YES;
				CLANG_WARN_OBJC_LITERAL_CONVERSION = YES;
				CLANG_WARN_OBJC_ROOT_CLASS = YES_ERROR;
				CLANG_WARN_QUOTED_INCLUDE_IN_FRAMEWORK_HEADER = YES;
				CLANG_WARN_RANGE_LOOP_ANALYSIS = YES;
				CLANG_WARN_STRICT_PROTOTYPES = YES;
				CLANG_WARN_SUSPICIOUS_MOVE = YES;
				CLANG_WARN_UNGUARDED_AVAILABILITY = YES_AGGRESSIVE;
				CLANG_WARN_UNREACHABLE_CODE = YES;
				CLANG_WARN__DUPLICATE_METHOD_MATCH = YES;
				COPY_PHASE_STRIP = NO;
				DEBUG_INFORMATION_FORMAT = "dwarf-with-dsym";
				ENABLE_NS_ASSERTIONS = NO;
				ENABLE_STRICT_OBJC_MSGSEND = YES;
				GCC_C_LANGUAGE_STANDARD = gnu11;
				GCC_NO_COMMON_BLOCKS = YES;
				GCC_WARN_64_TO_32_BIT_CONVERSION = YES;
				GCC_WARN_ABOUT_RETURN_TYPE = YES_ERROR;
				GCC_WARN_UNDECLARED_SELECTOR = YES;
				GCC_WARN_UNINITIALIZED_AUTOS = YES_AGGRESSIVE;
				GCC_WARN_UNUSED_FUNCTION = YES;
				GCC_WARN_UNUSED_VARIABLE = YES;
				IPHONEOS_DEPLOYMENT_TARGET = 16.0;
				MTL_ENABLE_DEBUG_INFO = NO;
				MTL_FAST_MATH = YES;
				SDKROOT = iphoneos;
				SWIFT_COMPILATION_MODE = wholemodule;
				SWIFT_OPTIMIZATION_LEVEL = "-O";
				VALIDATE_PRODUCT = YES;
			};
			name = Release;
		};
		7666359429BF411D008EEBBA /* Debug */ = {
			isa = XCBuildConfiguration;
			buildSettings = {
				ASSETCATALOG_COMPILER_APPICON_NAME = AppIcon;
				ASSETCATALOG_COMPILER_GLOBAL_ACCENT_COLOR_NAME = AccentColor;
				CODE_SIGN_STYLE = Automatic;
				CURRENT_PROJECT_VERSION = 1;
				DEVELOPMENT_ASSET_PATHS = "\"Africa/Preview Content\"";
				DEVELOPMENT_TEAM = 2DLQ9MAY76;
				ENABLE_PREVIEWS = YES;
				GENERATE_INFOPLIST_FILE = YES;
				INFOPLIST_FILE = Africa/Info.plist;
				INFOPLIST_KEY_UIApplicationSceneManifest_Generation = YES;
				INFOPLIST_KEY_UIApplicationSupportsIndirectInputEvents = YES;
				INFOPLIST_KEY_UISupportedInterfaceOrientations_iPhone = "UIInterfaceOrientationPortrait UIInterfaceOrientationLandscapeLeft UIInterfaceOrientationLandscapeRight";
				INFOPLIST_KEY_UIUserInterfaceStyle = Dark;
				LD_RUNPATH_SEARCH_PATHS = (
					"$(inherited)",
					"@executable_path/Frameworks",
				);
				MARKETING_VERSION = 1.0;
				PRODUCT_BUNDLE_IDENTIFIER = gowtham.Africa;
				PRODUCT_NAME = "$(TARGET_NAME)";
				SWIFT_EMIT_LOC_STRINGS = YES;
				SWIFT_VERSION = 5.0;
				TARGETED_DEVICE_FAMILY = "1,2";
			};
			name = Debug;
		};
		7666359529BF411D008EEBBA /* Release */ = {
			isa = XCBuildConfiguration;
			buildSettings = {
				ASSETCATALOG_COMPILER_APPICON_NAME = AppIcon;
				ASSETCATALOG_COMPILER_GLOBAL_ACCENT_COLOR_NAME = AccentColor;
				CODE_SIGN_STYLE = Automatic;
				CURRENT_PROJECT_VERSION = 1;
				DEVELOPMENT_ASSET_PATHS = "\"Africa/Preview Content\"";
				DEVELOPMENT_TEAM = 2DLQ9MAY76;
				ENABLE_PREVIEWS = YES;
				GENERATE_INFOPLIST_FILE = YES;
				INFOPLIST_FILE = Africa/Info.plist;
				INFOPLIST_KEY_UIApplicationSceneManifest_Generation = YES;
				INFOPLIST_KEY_UIApplicationSupportsIndirectInputEvents = YES;
				INFOPLIST_KEY_UISupportedInterfaceOrientations_iPhone = "UIInterfaceOrientationPortrait UIInterfaceOrientationLandscapeLeft UIInterfaceOrientationLandscapeRight";
				INFOPLIST_KEY_UIUserInterfaceStyle = Dark;
				LD_RUNPATH_SEARCH_PATHS = (
					"$(inherited)",
					"@executable_path/Frameworks",
				);
				MARKETING_VERSION = 1.0;
				PRODUCT_BUNDLE_IDENTIFIER = gowtham.Africa;
				PRODUCT_NAME = "$(TARGET_NAME)";
				SWIFT_EMIT_LOC_STRINGS = YES;
				SWIFT_VERSION = 5.0;
				TARGETED_DEVICE_FAMILY = "1,2";
			};
			name = Release;
		};
		7666359729BF411D008EEBBA /* Debug */ = {
			isa = XCBuildConfiguration;
			buildSettings = {
				ALWAYS_EMBED_SWIFT_STANDARD_LIBRARIES = YES;
				BUNDLE_LOADER = "$(TEST_HOST)";
				CODE_SIGN_STYLE = Automatic;
				CURRENT_PROJECT_VERSION = 1;
				DEVELOPMENT_TEAM = 2DLQ9MAY76;
				GENERATE_INFOPLIST_FILE = YES;
				IPHONEOS_DEPLOYMENT_TARGET = 16.0;
				MARKETING_VERSION = 1.0;
				PRODUCT_BUNDLE_IDENTIFIER = gowtham.AfricaTests;
				PRODUCT_NAME = "$(TARGET_NAME)";
				SWIFT_EMIT_LOC_STRINGS = NO;
				SWIFT_VERSION = 5.0;
				TARGETED_DEVICE_FAMILY = "1,2";
				TEST_HOST = "$(BUILT_PRODUCTS_DIR)/Africa.app/$(BUNDLE_EXECUTABLE_FOLDER_PATH)/Africa";
			};
			name = Debug;
		};
		7666359829BF411D008EEBBA /* Release */ = {
			isa = XCBuildConfiguration;
			buildSettings = {
				ALWAYS_EMBED_SWIFT_STANDARD_LIBRARIES = YES;
				BUNDLE_LOADER = "$(TEST_HOST)";
				CODE_SIGN_STYLE = Automatic;
				CURRENT_PROJECT_VERSION = 1;
				DEVELOPMENT_TEAM = 2DLQ9MAY76;
				GENERATE_INFOPLIST_FILE = YES;
				IPHONEOS_DEPLOYMENT_TARGET = 16.0;
				MARKETING_VERSION = 1.0;
				PRODUCT_BUNDLE_IDENTIFIER = gowtham.AfricaTests;
				PRODUCT_NAME = "$(TARGET_NAME)";
				SWIFT_EMIT_LOC_STRINGS = NO;
				SWIFT_VERSION = 5.0;
				TARGETED_DEVICE_FAMILY = "1,2";
				TEST_HOST = "$(BUILT_PRODUCTS_DIR)/Africa.app/$(BUNDLE_EXECUTABLE_FOLDER_PATH)/Africa";
			};
			name = Release;
		};
		7666359A29BF411D008EEBBA /* Debug */ = {
			isa = XCBuildConfiguration;
			buildSettings = {
				ALWAYS_EMBED_SWIFT_STANDARD_LIBRARIES = YES;
				CODE_SIGN_STYLE = Automatic;
				CURRENT_PROJECT_VERSION = 1;
				DEVELOPMENT_TEAM = 2DLQ9MAY76;
				GENERATE_INFOPLIST_FILE = YES;
				MARKETING_VERSION = 1.0;
				PRODUCT_BUNDLE_IDENTIFIER = gowtham.AfricaUITests;
				PRODUCT_NAME = "$(TARGET_NAME)";
				SWIFT_EMIT_LOC_STRINGS = NO;
				SWIFT_VERSION = 5.0;
				TARGETED_DEVICE_FAMILY = "1,2";
				TEST_TARGET_NAME = Africa;
			};
			name = Debug;
		};
		7666359B29BF411D008EEBBA /* Release */ = {
			isa = XCBuildConfiguration;
			buildSettings = {
				ALWAYS_EMBED_SWIFT_STANDARD_LIBRARIES = YES;
				CODE_SIGN_STYLE = Automatic;
				CURRENT_PROJECT_VERSION = 1;
				DEVELOPMENT_TEAM = 2DLQ9MAY76;
				GENERATE_INFOPLIST_FILE = YES;
				MARKETING_VERSION = 1.0;
				PRODUCT_BUNDLE_IDENTIFIER = gowtham.AfricaUITests;
				PRODUCT_NAME = "$(TARGET_NAME)";
				SWIFT_EMIT_LOC_STRINGS = NO;
				SWIFT_VERSION = 5.0;
				TARGETED_DEVICE_FAMILY = "1,2";
				TEST_TARGET_NAME = Africa;
			};
			name = Release;
		};
/* End XCBuildConfiguration section */

/* Begin XCConfigurationList section */
		7666356A29BF411A008EEBBA /* Build configuration list for PBXProject "Africa" */ = {
			isa = XCConfigurationList;
			buildConfigurations = (
				7666359129BF411D008EEBBA /* Debug */,
				7666359229BF411D008EEBBA /* Release */,
			);
			defaultConfigurationIsVisible = 0;
			defaultConfigurationName = Release;
		};
		7666359329BF411D008EEBBA /* Build configuration list for PBXNativeTarget "Africa" */ = {
			isa = XCConfigurationList;
			buildConfigurations = (
				7666359429BF411D008EEBBA /* Debug */,
				7666359529BF411D008EEBBA /* Release */,
			);
			defaultConfigurationIsVisible = 0;
			defaultConfigurationName = Release;
		};
		7666359629BF411D008EEBBA /* Build configuration list for PBXNativeTarget "AfricaTests" */ = {
			isa = XCConfigurationList;
			buildConfigurations = (
				7666359729BF411D008EEBBA /* Debug */,
				7666359829BF411D008EEBBA /* Release */,
			);
			defaultConfigurationIsVisible = 0;
			defaultConfigurationName = Release;
		};
		7666359929BF411D008EEBBA /* Build configuration list for PBXNativeTarget "AfricaUITests" */ = {
			isa = XCConfigurationList;
			buildConfigurations = (
				7666359A29BF411D008EEBBA /* Debug */,
				7666359B29BF411D008EEBBA /* Release */,
			);
			defaultConfigurationIsVisible = 0;
			defaultConfigurationName = Release;
		};
/* End XCConfigurationList section */
	};
	rootObject = 7666356729BF411A008EEBBA /* Project object */;
}
